
Microsoft Visual Studio Solution File, Format Version 12.00
# Visual Studio 2017
Project("{FAE04EC0-301F-11D3-BF4B-00C04F79EFBC}") = "Programming 11-04-18", "Programming 11-04-18.csproj", "{71C3CE99-DDF0-9259-01DB-02C96596438A}"
EndProject
Global
	GlobalSection(SolutionConfigurationPlatforms) = preSolution
		Debug|Any CPU = Debug|Any CPU
		Release|Any CPU = Release|Any CPU
	EndGlobalSection
	GlobalSection(ProjectConfigurationPlatforms) = postSolution
		{71C3CE99-DDF0-9259-01DB-02C96596438A}.Debug|Any CPU.ActiveCfg = Debug|Any CPU
		{71C3CE99-DDF0-9259-01DB-02C96596438A}.Debug|Any CPU.Build.0 = Debug|Any CPU
		{71C3CE99-DDF0-9259-01DB-02C96596438A}.Release|Any CPU.ActiveCfg = Release|Any CPU
		{71C3CE99-DDF0-9259-01DB-02C96596438A}.Release|Any CPU.Build.0 = Release|Any CPU
	EndGlobalSection
	GlobalSection(SolutionProperties) = preSolution
		HideSolutionNode = FALSE
	EndGlobalSection
EndGlobal
