
Microsoft Visual Studio Solution File, Format Version 12.00
# Visual Studio 15
VisualStudioVersion = 15.0.28010.2041
MinimumVisualStudioVersion = 10.0.40219.1
Project("{FAE04EC0-301F-11D3-BF4B-00C04F79EFBC}") = "Lab_Exam1", "Lab_Exam1\Lab_Exam1.csproj", "{CBFB594F-B6C0-4D6B-A960-E29E4EEE6F54}"
EndProject
Global
	GlobalSection(SolutionConfigurationPlatforms) = preSolution
		Debug|Any CPU = Debug|Any CPU
		Release|Any CPU = Release|Any CPU
	EndGlobalSection
	GlobalSection(ProjectConfigurationPlatforms) = postSolution
		{CBFB594F-B6C0-4D6B-A960-E29E4EEE6F54}.Debug|Any CPU.ActiveCfg = Debug|Any CPU
		{CBFB594F-B6C0-4D6B-A960-E29E4EEE6F54}.Debug|Any CPU.Build.0 = Debug|Any CPU
		{CBFB594F-B6C0-4D6B-A960-E29E4EEE6F54}.Release|Any CPU.ActiveCfg = Release|Any CPU
		{CBFB594F-B6C0-4D6B-A960-E29E4EEE6F54}.Release|Any CPU.Build.0 = Release|Any CPU
	EndGlobalSection
	GlobalSection(SolutionProperties) = preSolution
		HideSolutionNode = FALSE
	EndGlobalSection
	GlobalSection(ExtensibilityGlobals) = postSolution
		SolutionGuid = {F9A3DCA2-6287-4D06-8B17-3D72ED412E51}
	EndGlobalSection
EndGlobal
